
Microsoft Visual Studio Solution File, Format Version 12.00
# Visual Studio Version 17
VisualStudioVersion = 17.0.31903.59
MinimumVisualStudioVersion = 10.0.40219.1
Project("{2150E333-8FDC-42A3-9474-1A3956D46DE8}") = "Creational", "Creational", "{E721D87A-B312-4853-A472-472C7E869F8C}"
EndProject
Project("{FAE04EC0-301F-11D3-BF4B-00C04F79EFBC}") = "Builder", "Creational\Builder\Builder.csproj", "{35D43CA0-EBA5-4DD1-B12B-3C896A0F559F}"
EndProject
Project("{FAE04EC0-301F-11D3-BF4B-00C04F79EFBC}") = "FactoryMethod", "Creational\FactoryMethod\FactoryMethod.csproj", "{165F987F-A7B9-481C-B368-F804E577ED2F}"
EndProject
Project("{FAE04EC0-301F-11D3-BF4B-00C04F79EFBC}") = "AbstractFactory", "Creational\AbstractFactory\AbstractFactory.csproj", "{6FEBE059-821C-475B-94E1-1B35BA54D900}"
EndProject
Project("{FAE04EC0-301F-11D3-BF4B-00C04F79EFBC}") = "Prototype", "Creational\Prototype\Prototype.csproj", "{C45836E7-7612-4FD9-A7EE-75C56E73DE43}"
EndProject
Project("{FAE04EC0-301F-11D3-BF4B-00C04F79EFBC}") = "Singleton", "Creational\Singleton\Singleton.csproj", "{06114DD2-387C-472B-B469-8C998990BF78}"
EndProject
Project("{2150E333-8FDC-42A3-9474-1A3956D46DE8}") = "Behavioral", "Behavioral", "{E53F8A99-ABF2-4B16-92F6-335A0C1D46E6}"
EndProject
Project("{FAE04EC0-301F-11D3-BF4B-00C04F79EFBC}") = "Strategy", "Behavioral\Strategy\Strategy.csproj", "{10FCCCDB-1EAC-4FEA-A0FD-7E645E9C9A4C}"
EndProject
Project("{FAE04EC0-301F-11D3-BF4B-00C04F79EFBC}") = "Observer", "Behavioral\Observer\Observer.csproj", "{520AED5D-7C63-4A1D-8D5F-70FBCC6F8617}"
EndProject
Project("{FAE04EC0-301F-11D3-BF4B-00C04F79EFBC}") = "Mediator", "Behavioral\Mediator\Mediator.csproj", "{66E5E9E8-E2AF-497A-9992-493732DAEE24}"
EndProject
Project("{FAE04EC0-301F-11D3-BF4B-00C04F79EFBC}") = "ChainOfResponsibility", "Behavioral\ChainOfResponsibility\ChainOfResponsibility.csproj", "{BE23F543-6BF0-4DB2-9941-43274276DB0E}"
EndProject
Project("{FAE04EC0-301F-11D3-BF4B-00C04F79EFBC}") = "TemplateMethod", "Behavioral\TemplateMethod\TemplateMethod.csproj", "{EFFA814B-2534-4AB2-B3E8-7DB8F1B8954D}"
EndProject
Project("{FAE04EC0-301F-11D3-BF4B-00C04F79EFBC}") = "State", "Behavioral\State\State.csproj", "{71F83FFC-ABC8-4E7F-A956-2B2FAA299D7A}"
EndProject
Project("{2150E333-8FDC-42A3-9474-1A3956D46DE8}") = "Structural", "Structural", "{F33448A1-5173-4033-88C6-7E259FC57C4F}"
EndProject
Project("{FAE04EC0-301F-11D3-BF4B-00C04F79EFBC}") = "Adapter", "Structural\Adapter\Adapter.csproj", "{5B94335D-4115-469C-B915-21ED5B7206F0}"
EndProject
Project("{FAE04EC0-301F-11D3-BF4B-00C04F79EFBC}") = "Facade", "Structural\Facade\Facade.csproj", "{D39BA9E4-ECE0-4DDA-9EA7-C4E25C9EAC08}"
EndProject
Project("{FAE04EC0-301F-11D3-BF4B-00C04F79EFBC}") = "Decorator", "Structural\Decorator\Decorator.csproj", "{F7B27CEB-0FF0-47FD-8C54-C1B82F2C74D7}"
EndProject
Project("{FAE04EC0-301F-11D3-BF4B-00C04F79EFBC}") = "Proxy", "Structural\Proxy\Proxy.csproj", "{2DA08AA6-4ADB-41ED-931D-15953BD35977}"
EndProject
Global
	GlobalSection(SolutionConfigurationPlatforms) = preSolution
		Debug|Any CPU = Debug|Any CPU
		Release|Any CPU = Release|Any CPU
	EndGlobalSection
	GlobalSection(ProjectConfigurationPlatforms) = postSolution
		{35D43CA0-EBA5-4DD1-B12B-3C896A0F559F}.Debug|Any CPU.ActiveCfg = Debug|Any CPU
		{35D43CA0-EBA5-4DD1-B12B-3C896A0F559F}.Debug|Any CPU.Build.0 = Debug|Any CPU
		{35D43CA0-EBA5-4DD1-B12B-3C896A0F559F}.Release|Any CPU.ActiveCfg = Release|Any CPU
		{35D43CA0-EBA5-4DD1-B12B-3C896A0F559F}.Release|Any CPU.Build.0 = Release|Any CPU
		{165F987F-A7B9-481C-B368-F804E577ED2F}.Debug|Any CPU.ActiveCfg = Debug|Any CPU
		{165F987F-A7B9-481C-B368-F804E577ED2F}.Debug|Any CPU.Build.0 = Debug|Any CPU
		{165F987F-A7B9-481C-B368-F804E577ED2F}.Release|Any CPU.ActiveCfg = Release|Any CPU
		{165F987F-A7B9-481C-B368-F804E577ED2F}.Release|Any CPU.Build.0 = Release|Any CPU
		{6FEBE059-821C-475B-94E1-1B35BA54D900}.Debug|Any CPU.ActiveCfg = Debug|Any CPU
		{6FEBE059-821C-475B-94E1-1B35BA54D900}.Debug|Any CPU.Build.0 = Debug|Any CPU
		{6FEBE059-821C-475B-94E1-1B35BA54D900}.Release|Any CPU.ActiveCfg = Release|Any CPU
		{6FEBE059-821C-475B-94E1-1B35BA54D900}.Release|Any CPU.Build.0 = Release|Any CPU
		{C45836E7-7612-4FD9-A7EE-75C56E73DE43}.Debug|Any CPU.ActiveCfg = Debug|Any CPU
		{C45836E7-7612-4FD9-A7EE-75C56E73DE43}.Debug|Any CPU.Build.0 = Debug|Any CPU
		{C45836E7-7612-4FD9-A7EE-75C56E73DE43}.Release|Any CPU.ActiveCfg = Release|Any CPU
		{C45836E7-7612-4FD9-A7EE-75C56E73DE43}.Release|Any CPU.Build.0 = Release|Any CPU
		{06114DD2-387C-472B-B469-8C998990BF78}.Debug|Any CPU.ActiveCfg = Debug|Any CPU
		{06114DD2-387C-472B-B469-8C998990BF78}.Debug|Any CPU.Build.0 = Debug|Any CPU
		{06114DD2-387C-472B-B469-8C998990BF78}.Release|Any CPU.ActiveCfg = Release|Any CPU
		{06114DD2-387C-472B-B469-8C998990BF78}.Release|Any CPU.Build.0 = Release|Any CPU
		{10FCCCDB-1EAC-4FEA-A0FD-7E645E9C9A4C}.Debug|Any CPU.ActiveCfg = Debug|Any CPU
		{10FCCCDB-1EAC-4FEA-A0FD-7E645E9C9A4C}.Debug|Any CPU.Build.0 = Debug|Any CPU
		{10FCCCDB-1EAC-4FEA-A0FD-7E645E9C9A4C}.Release|Any CPU.ActiveCfg = Release|Any CPU
		{10FCCCDB-1EAC-4FEA-A0FD-7E645E9C9A4C}.Release|Any CPU.Build.0 = Release|Any CPU
		{520AED5D-7C63-4A1D-8D5F-70FBCC6F8617}.Debug|Any CPU.ActiveCfg = Debug|Any CPU
		{520AED5D-7C63-4A1D-8D5F-70FBCC6F8617}.Debug|Any CPU.Build.0 = Debug|Any CPU
		{520AED5D-7C63-4A1D-8D5F-70FBCC6F8617}.Release|Any CPU.ActiveCfg = Release|Any CPU
		{520AED5D-7C63-4A1D-8D5F-70FBCC6F8617}.Release|Any CPU.Build.0 = Release|Any CPU
		{66E5E9E8-E2AF-497A-9992-493732DAEE24}.Debug|Any CPU.ActiveCfg = Debug|Any CPU
		{66E5E9E8-E2AF-497A-9992-493732DAEE24}.Debug|Any CPU.Build.0 = Debug|Any CPU
		{66E5E9E8-E2AF-497A-9992-493732DAEE24}.Release|Any CPU.ActiveCfg = Release|Any CPU
		{66E5E9E8-E2AF-497A-9992-493732DAEE24}.Release|Any CPU.Build.0 = Release|Any CPU
		{BE23F543-6BF0-4DB2-9941-43274276DB0E}.Debug|Any CPU.ActiveCfg = Debug|Any CPU
		{BE23F543-6BF0-4DB2-9941-43274276DB0E}.Debug|Any CPU.Build.0 = Debug|Any CPU
		{BE23F543-6BF0-4DB2-9941-43274276DB0E}.Release|Any CPU.ActiveCfg = Release|Any CPU
		{BE23F543-6BF0-4DB2-9941-43274276DB0E}.Release|Any CPU.Build.0 = Release|Any CPU
		{EFFA814B-2534-4AB2-B3E8-7DB8F1B8954D}.Debug|Any CPU.ActiveCfg = Debug|Any CPU
		{EFFA814B-2534-4AB2-B3E8-7DB8F1B8954D}.Debug|Any CPU.Build.0 = Debug|Any CPU
		{EFFA814B-2534-4AB2-B3E8-7DB8F1B8954D}.Release|Any CPU.ActiveCfg = Release|Any CPU
		{EFFA814B-2534-4AB2-B3E8-7DB8F1B8954D}.Release|Any CPU.Build.0 = Release|Any CPU
		{71F83FFC-ABC8-4E7F-A956-2B2FAA299D7A}.Debug|Any CPU.ActiveCfg = Debug|Any CPU
		{71F83FFC-ABC8-4E7F-A956-2B2FAA299D7A}.Debug|Any CPU.Build.0 = Debug|Any CPU
		{71F83FFC-ABC8-4E7F-A956-2B2FAA299D7A}.Release|Any CPU.ActiveCfg = Release|Any CPU
		{71F83FFC-ABC8-4E7F-A956-2B2FAA299D7A}.Release|Any CPU.Build.0 = Release|Any CPU
		{5B94335D-4115-469C-B915-21ED5B7206F0}.Debug|Any CPU.ActiveCfg = Debug|Any CPU
		{5B94335D-4115-469C-B915-21ED5B7206F0}.Debug|Any CPU.Build.0 = Debug|Any CPU
		{5B94335D-4115-469C-B915-21ED5B7206F0}.Release|Any CPU.ActiveCfg = Release|Any CPU
		{5B94335D-4115-469C-B915-21ED5B7206F0}.Release|Any CPU.Build.0 = Release|Any CPU
		{D39BA9E4-ECE0-4DDA-9EA7-C4E25C9EAC08}.Debug|Any CPU.ActiveCfg = Debug|Any CPU
		{D39BA9E4-ECE0-4DDA-9EA7-C4E25C9EAC08}.Debug|Any CPU.Build.0 = Debug|Any CPU
		{D39BA9E4-ECE0-4DDA-9EA7-C4E25C9EAC08}.Release|Any CPU.ActiveCfg = Release|Any CPU
		{D39BA9E4-ECE0-4DDA-9EA7-C4E25C9EAC08}.Release|Any CPU.Build.0 = Release|Any CPU
		{F7B27CEB-0FF0-47FD-8C54-C1B82F2C74D7}.Debug|Any CPU.ActiveCfg = Debug|Any CPU
		{F7B27CEB-0FF0-47FD-8C54-C1B82F2C74D7}.Debug|Any CPU.Build.0 = Debug|Any CPU
		{F7B27CEB-0FF0-47FD-8C54-C1B82F2C74D7}.Release|Any CPU.ActiveCfg = Release|Any CPU
		{F7B27CEB-0FF0-47FD-8C54-C1B82F2C74D7}.Release|Any CPU.Build.0 = Release|Any CPU
		{2DA08AA6-4ADB-41ED-931D-15953BD35977}.Debug|Any CPU.ActiveCfg = Debug|Any CPU
		{2DA08AA6-4ADB-41ED-931D-15953BD35977}.Debug|Any CPU.Build.0 = Debug|Any CPU
		{2DA08AA6-4ADB-41ED-931D-15953BD35977}.Release|Any CPU.ActiveCfg = Release|Any CPU
		{2DA08AA6-4ADB-41ED-931D-15953BD35977}.Release|Any CPU.Build.0 = Release|Any CPU
	EndGlobalSection
	GlobalSection(SolutionProperties) = preSolution
		HideSolutionNode = FALSE
	EndGlobalSection
	GlobalSection(NestedProjects) = preSolution
		{35D43CA0-EBA5-4DD1-B12B-3C896A0F559F} = {E721D87A-B312-4853-A472-472C7E869F8C}
		{165F987F-A7B9-481C-B368-F804E577ED2F} = {E721D87A-B312-4853-A472-472C7E869F8C}
		{6FEBE059-821C-475B-94E1-1B35BA54D900} = {E721D87A-B312-4853-A472-472C7E869F8C}
		{C45836E7-7612-4FD9-A7EE-75C56E73DE43} = {E721D87A-B312-4853-A472-472C7E869F8C}
		{06114DD2-387C-472B-B469-8C998990BF78} = {E721D87A-B312-4853-A472-472C7E869F8C}
		{10FCCCDB-1EAC-4FEA-A0FD-7E645E9C9A4C} = {E53F8A99-ABF2-4B16-92F6-335A0C1D46E6}
		{520AED5D-7C63-4A1D-8D5F-70FBCC6F8617} = {E53F8A99-ABF2-4B16-92F6-335A0C1D46E6}
		{66E5E9E8-E2AF-497A-9992-493732DAEE24} = {E53F8A99-ABF2-4B16-92F6-335A0C1D46E6}
		{BE23F543-6BF0-4DB2-9941-43274276DB0E} = {E53F8A99-ABF2-4B16-92F6-335A0C1D46E6}
		{EFFA814B-2534-4AB2-B3E8-7DB8F1B8954D} = {E53F8A99-ABF2-4B16-92F6-335A0C1D46E6}
		{71F83FFC-ABC8-4E7F-A956-2B2FAA299D7A} = {E53F8A99-ABF2-4B16-92F6-335A0C1D46E6}
		{5B94335D-4115-469C-B915-21ED5B7206F0} = {F33448A1-5173-4033-88C6-7E259FC57C4F}
		{D39BA9E4-ECE0-4DDA-9EA7-C4E25C9EAC08} = {F33448A1-5173-4033-88C6-7E259FC57C4F}
		{F7B27CEB-0FF0-47FD-8C54-C1B82F2C74D7} = {F33448A1-5173-4033-88C6-7E259FC57C4F}
		{2DA08AA6-4ADB-41ED-931D-15953BD35977} = {F33448A1-5173-4033-88C6-7E259FC57C4F}
	EndGlobalSection
EndGlobal
